
Microsoft Visual Studio Solution File, Format Version 12.00
# Visual Studio 2013
VisualStudioVersion = 12.0.40629.0
MinimumVisualStudioVersion = 10.0.40219.1
Project("{FAE04EC0-301F-11D3-BF4B-00C04F79EFBC}") = "ncipl", "NCIPL\ncipl.csproj", "{36D93D36-41A1-4E87-8E66-3E1615419D1F}"
EndProject
Project("{FAE04EC0-301F-11D3-BF4B-00C04F79EFBC}") = "nciplcc", "NCIPLCC\nciplcc.csproj", "{0DB5538B-6A1E-411F-8DF3-DC6DC5DE9C2F}"
EndProject
Project("{FAE04EC0-301F-11D3-BF4B-00C04F79EFBC}") = "NCIPLLM", "NCIPLLM\NCIPLLM.csproj", "{BC064140-B564-476C-ADC8-5917E178C5E0}"
EndProject
Project("{FAE04EC0-301F-11D3-BF4B-00C04F79EFBC}") = "pert", "PERT\pert.csproj", "{E6722067-643A-49AE-8A53-0CA7B2A91C0E}"
EndProject
Project("{FAE04EC0-301F-11D3-BF4B-00C04F79EFBC}") = "kiosk", "KIOSK\kiosk.csproj", "{2FC2FD95-2E77-4E88-A39D-27145FE294DB}"
EndProject
Project("{FAE04EC0-301F-11D3-BF4B-00C04F79EFBC}") = "NCIPLADMIN", "NCIPLADMIN\NCIPLADMIN.csproj", "{FF74C456-17D9-471D-AF43-29DEA481C0D4}"
EndProject
Project("{FAE04EC0-301F-11D3-BF4B-00C04F79EFBC}") = "NCIPLex", "NCIPLex\NCIPLex.csproj", "{C1D48AD7-6492-4427-86F2-54F0AC325BA4}"
EndProject
Project("{FAE04EC0-301F-11D3-BF4B-00C04F79EFBC}") = "WebService", "GUAM\WebService\WebService.csproj", "{C363CFB6-A197-478B-87B3-098AB5147990}"
EndProject
Global
	GlobalSection(SolutionConfigurationPlatforms) = preSolution
		Debug|Any CPU = Debug|Any CPU
		Release|Any CPU = Release|Any CPU
	EndGlobalSection
	GlobalSection(ProjectConfigurationPlatforms) = postSolution
		{36D93D36-41A1-4E87-8E66-3E1615419D1F}.Debug|Any CPU.ActiveCfg = Debug|Any CPU
		{36D93D36-41A1-4E87-8E66-3E1615419D1F}.Debug|Any CPU.Build.0 = Debug|Any CPU
		{36D93D36-41A1-4E87-8E66-3E1615419D1F}.Release|Any CPU.ActiveCfg = Release|Any CPU
		{36D93D36-41A1-4E87-8E66-3E1615419D1F}.Release|Any CPU.Build.0 = Release|Any CPU
		{0DB5538B-6A1E-411F-8DF3-DC6DC5DE9C2F}.Debug|Any CPU.ActiveCfg = Debug|Any CPU
		{0DB5538B-6A1E-411F-8DF3-DC6DC5DE9C2F}.Debug|Any CPU.Build.0 = Debug|Any CPU
		{0DB5538B-6A1E-411F-8DF3-DC6DC5DE9C2F}.Release|Any CPU.ActiveCfg = Release|Any CPU
		{0DB5538B-6A1E-411F-8DF3-DC6DC5DE9C2F}.Release|Any CPU.Build.0 = Release|Any CPU
		{BC064140-B564-476C-ADC8-5917E178C5E0}.Debug|Any CPU.ActiveCfg = Debug|Any CPU
		{BC064140-B564-476C-ADC8-5917E178C5E0}.Debug|Any CPU.Build.0 = Debug|Any CPU
		{BC064140-B564-476C-ADC8-5917E178C5E0}.Release|Any CPU.ActiveCfg = Release|Any CPU
		{BC064140-B564-476C-ADC8-5917E178C5E0}.Release|Any CPU.Build.0 = Release|Any CPU
		{E6722067-643A-49AE-8A53-0CA7B2A91C0E}.Debug|Any CPU.ActiveCfg = Debug|Any CPU
		{E6722067-643A-49AE-8A53-0CA7B2A91C0E}.Debug|Any CPU.Build.0 = Debug|Any CPU
		{E6722067-643A-49AE-8A53-0CA7B2A91C0E}.Release|Any CPU.ActiveCfg = Release|Any CPU
		{E6722067-643A-49AE-8A53-0CA7B2A91C0E}.Release|Any CPU.Build.0 = Release|Any CPU
		{2FC2FD95-2E77-4E88-A39D-27145FE294DB}.Debug|Any CPU.ActiveCfg = Debug|Any CPU
		{2FC2FD95-2E77-4E88-A39D-27145FE294DB}.Debug|Any CPU.Build.0 = Debug|Any CPU
		{2FC2FD95-2E77-4E88-A39D-27145FE294DB}.Release|Any CPU.ActiveCfg = Release|Any CPU
		{2FC2FD95-2E77-4E88-A39D-27145FE294DB}.Release|Any CPU.Build.0 = Release|Any CPU
		{FF74C456-17D9-471D-AF43-29DEA481C0D4}.Debug|Any CPU.ActiveCfg = Debug|Any CPU
		{FF74C456-17D9-471D-AF43-29DEA481C0D4}.Debug|Any CPU.Build.0 = Debug|Any CPU
		{FF74C456-17D9-471D-AF43-29DEA481C0D4}.Release|Any CPU.ActiveCfg = Release|Any CPU
		{FF74C456-17D9-471D-AF43-29DEA481C0D4}.Release|Any CPU.Build.0 = Release|Any CPU
		{C1D48AD7-6492-4427-86F2-54F0AC325BA4}.Debug|Any CPU.ActiveCfg = Debug|Any CPU
		{C1D48AD7-6492-4427-86F2-54F0AC325BA4}.Debug|Any CPU.Build.0 = Debug|Any CPU
		{C1D48AD7-6492-4427-86F2-54F0AC325BA4}.Release|Any CPU.ActiveCfg = Release|Any CPU
		{C1D48AD7-6492-4427-86F2-54F0AC325BA4}.Release|Any CPU.Build.0 = Release|Any CPU
		{C363CFB6-A197-478B-87B3-098AB5147990}.Debug|Any CPU.ActiveCfg = Debug|Any CPU
		{C363CFB6-A197-478B-87B3-098AB5147990}.Debug|Any CPU.Build.0 = Debug|Any CPU
		{C363CFB6-A197-478B-87B3-098AB5147990}.Release|Any CPU.ActiveCfg = Release|Any CPU
		{C363CFB6-A197-478B-87B3-098AB5147990}.Release|Any CPU.Build.0 = Release|Any CPU
		{09B972B2-9FF3-414D-A06F-2EDB1E9F605F}.Debug|Any CPU.ActiveCfg = Debug|Any CPU
		{09B972B2-9FF3-414D-A06F-2EDB1E9F605F}.Debug|Any CPU.Build.0 = Debug|Any CPU
		{09B972B2-9FF3-414D-A06F-2EDB1E9F605F}.Release|Any CPU.ActiveCfg = Release|Any CPU
		{09B972B2-9FF3-414D-A06F-2EDB1E9F605F}.Release|Any CPU.Build.0 = Release|Any CPU
	EndGlobalSection
	GlobalSection(SolutionProperties) = preSolution
		HideSolutionNode = FALSE
	EndGlobalSection
EndGlobal
